
Microsoft Visual Studio Solution File, Format Version 12.00
# Visual Studio Version 16
VisualStudioVersion = 16.0.30907.101
MinimumVisualStudioVersion = 10.0.40219.1
Project("{9A19103F-16F7-4668-BE54-9A1E7A4F7556}") = "CampIntro", "CampIntro\CampIntro.csproj", "{3C385538-1435-49F5-8633-7D023DB00DBD}"
EndProject
Project("{9A19103F-16F7-4668-BE54-9A1E7A4F7556}") = "Loops", "Loops\Loops.csproj", "{8E450379-29C4-43F8-8B9D-F669882D4541}"
EndProject
Project("{9A19103F-16F7-4668-BE54-9A1E7A4F7556}") = "ClassIntro", "ClassIntro\ClassIntro.csproj", "{8550A451-94B4-4209-B9B2-D004DBE50018}"
EndProject
Project("{FAE04EC0-301F-11D3-BF4B-00C04F79EFBC}") = "Methods", "Methods\Methods.csproj", "{2E1D3A89-A44D-4C24-A04E-18A322AFFD76}"
EndProject
Global
	GlobalSection(SolutionConfigurationPlatforms) = preSolution
		Debug|Any CPU = Debug|Any CPU
		Release|Any CPU = Release|Any CPU
	EndGlobalSection
	GlobalSection(ProjectConfigurationPlatforms) = postSolution
		{3C385538-1435-49F5-8633-7D023DB00DBD}.Debug|Any CPU.ActiveCfg = Debug|Any CPU
		{3C385538-1435-49F5-8633-7D023DB00DBD}.Debug|Any CPU.Build.0 = Debug|Any CPU
		{3C385538-1435-49F5-8633-7D023DB00DBD}.Release|Any CPU.ActiveCfg = Release|Any CPU
		{3C385538-1435-49F5-8633-7D023DB00DBD}.Release|Any CPU.Build.0 = Release|Any CPU
		{8E450379-29C4-43F8-8B9D-F669882D4541}.Debug|Any CPU.ActiveCfg = Debug|Any CPU
		{8E450379-29C4-43F8-8B9D-F669882D4541}.Debug|Any CPU.Build.0 = Debug|Any CPU
		{8E450379-29C4-43F8-8B9D-F669882D4541}.Release|Any CPU.ActiveCfg = Release|Any CPU
		{8E450379-29C4-43F8-8B9D-F669882D4541}.Release|Any CPU.Build.0 = Release|Any CPU
		{8550A451-94B4-4209-B9B2-D004DBE50018}.Debug|Any CPU.ActiveCfg = Debug|Any CPU
		{8550A451-94B4-4209-B9B2-D004DBE50018}.Debug|Any CPU.Build.0 = Debug|Any CPU
		{8550A451-94B4-4209-B9B2-D004DBE50018}.Release|Any CPU.ActiveCfg = Release|Any CPU
		{8550A451-94B4-4209-B9B2-D004DBE50018}.Release|Any CPU.Build.0 = Release|Any CPU
		{2E1D3A89-A44D-4C24-A04E-18A322AFFD76}.Debug|Any CPU.ActiveCfg = Debug|Any CPU
		{2E1D3A89-A44D-4C24-A04E-18A322AFFD76}.Debug|Any CPU.Build.0 = Debug|Any CPU
		{2E1D3A89-A44D-4C24-A04E-18A322AFFD76}.Release|Any CPU.ActiveCfg = Release|Any CPU
		{2E1D3A89-A44D-4C24-A04E-18A322AFFD76}.Release|Any CPU.Build.0 = Release|Any CPU
	EndGlobalSection
	GlobalSection(SolutionProperties) = preSolution
		HideSolutionNode = FALSE
	EndGlobalSection
	GlobalSection(ExtensibilityGlobals) = postSolution
		SolutionGuid = {D9FA6447-444E-4972-8630-4EF7902F9DF5}
	EndGlobalSection
EndGlobal
