
Microsoft Visual Studio Solution File, Format Version 12.00
# Visual Studio Version 16
VisualStudioVersion = 16.0.30907.101
MinimumVisualStudioVersion = 10.0.40219.1
Project("{9A19103F-16F7-4668-BE54-9A1E7A4F7556}") = "Loops", "Loops\Loops.csproj", "{8E450379-29C4-43F8-8B9D-F669882D4541}"
EndProject
Project("{9A19103F-16F7-4668-BE54-9A1E7A4F7556}") = "ClassIntro", "ClassIntro\ClassIntro.csproj", "{8550A451-94B4-4209-B9B2-D004DBE50018}"
EndProject
Project("{9A19103F-16F7-4668-BE54-9A1E7A4F7556}") = "Methods", "Methods\Methods.csproj", "{2E1D3A89-A44D-4C24-A04E-18A322AFFD76}"
EndProject
Project("{9A19103F-16F7-4668-BE54-9A1E7A4F7556}") = "Maths", "Maths\Maths.csproj", "{67B9C291-6ECC-4A0A-9396-B990FDEAF8FA}"
EndProject
Project("{9A19103F-16F7-4668-BE54-9A1E7A4F7556}") = "ValueAndReferenceTypes", "ValueAndReferenceTypes\ValueAndReferenceTypes.csproj", "{28D3A5DD-F173-489E-AF5B-82DDC6B4BED2}"
EndProject
Project("{9A19103F-16F7-4668-BE54-9A1E7A4F7556}") = "OOP", "OOP\OOP.csproj", "{5640F2EE-ECE7-427F-9384-3238CFFF626C}"
EndProject
Project("{9A19103F-16F7-4668-BE54-9A1E7A4F7556}") = "Collections", "Collections\Collections.csproj", "{4D58B2AB-8CBD-4D14-AA15-633FBADF31C7}"
EndProject
Project("{9A19103F-16F7-4668-BE54-9A1E7A4F7556}") = "GenericsIntro", "GenericsIntro\GenericsIntro.csproj", "{336A2E83-1974-4C1A-8400-D2E2DB17558B}"
EndProject
Project("{2150E333-8FDC-42A3-9474-1A3956D46DE8}") = "Homeworks", "Homeworks", "{BCE21DB7-83D9-4908-A60A-0704408BCE5F}"
EndProject
Project("{9A19103F-16F7-4668-BE54-9A1E7A4F7556}") = "ThirteenJanuary", "ThirteenJanuary\ThirteenJanuary.csproj", "{C2CF7652-C037-4D43-ACAB-49312230E366}"
EndProject
Project("{2150E333-8FDC-42A3-9474-1A3956D46DE8}") = "Examples", "Examples", "{642E7BD3-1A58-471F-8741-18C3EDC2AD65}"
EndProject
Project("{9A19103F-16F7-4668-BE54-9A1E7A4F7556}") = "RefOut", "RefOut\RefOut.csproj", "{EEE8C0CC-FFD9-4BA3-BBB3-2154F7260D43}"
EndProject
Project("{9A19103F-16F7-4668-BE54-9A1E7A4F7556}") = "MethodOverloading", "MethodOverloading\MethodOverloading.csproj", "{7490B011-3D6B-4E90-99DD-DCAA62B921D8}"
EndProject
Project("{9A19103F-16F7-4668-BE54-9A1E7A4F7556}") = "Params", "Params\Params.csproj", "{30548CD2-CE1C-40A0-B68D-C60EEDF66DF6}"
EndProject
Project("{9A19103F-16F7-4668-BE54-9A1E7A4F7556}") = "ClassMetotDemo", "ClassMetotDemo\ClassMetotDemo.csproj", "{C334CEAB-32DF-43F0-BBCC-C38267FF8F59}"
EndProject
Project("{9A19103F-16F7-4668-BE54-9A1E7A4F7556}") = "MyDictionary", "MyDictionary\MyDictionary.csproj", "{2A40FBD2-29EE-4431-882E-2D66DC9DEDE8}"
EndProject
Project("{9A19103F-16F7-4668-BE54-9A1E7A4F7556}") = "OOP2", "OOP2\OOP2.csproj", "{49D7C3D2-3E3A-4EB9-B467-D3E19B94D712}"
EndProject
Project("{9A19103F-16F7-4668-BE54-9A1E7A4F7556}") = "OOP3", "OOP3\OOP3.csproj", "{BAF09E22-12DF-4347-8BA0-B6ED9B518822}"
EndProject
Project("{9A19103F-16F7-4668-BE54-9A1E7A4F7556}") = "InterfacesDemo", "InterfacesDemo\InterfacesDemo.csproj", "{9C8C6D5D-8D79-4BE5-992B-8988A704B72B}"
EndProject
Project("{9A19103F-16F7-4668-BE54-9A1E7A4F7556}") = "Inheritance", "Inheritance\Inheritance.csproj", "{A4F247A9-84C0-422D-9639-891A331B330D}"
EndProject
Project("{9A19103F-16F7-4668-BE54-9A1E7A4F7556}") = "Interfaces", "Interfaces\Interfaces.csproj", "{F2C43C14-5663-4604-A70A-4261B3CF8BA3}"
EndProject
Project("{9A19103F-16F7-4668-BE54-9A1E7A4F7556}") = "InterfaceAbstractDemo", "InterfaceAbstractDemo\InterfaceAbstractDemo.csproj", "{C21811A0-997F-4CA0-AD63-520B30C55524}"
EndProject
Project("{9A19103F-16F7-4668-BE54-9A1E7A4F7556}") = "GameProject", "GameProject\GameProject.csproj", "{4AD2B981-0506-4943-9551-9A7E3E2EEE02}"
EndProject
Project("{9A19103F-16F7-4668-BE54-9A1E7A4F7556}") = "TypesAndVariables", "TypesAndVariables\TypesAndVariables.csproj", "{2EE20E82-775C-4764-B879-155AC9D06E69}"
EndProject
Project("{9A19103F-16F7-4668-BE54-9A1E7A4F7556}") = "Conditionals", "Conditionals\Conditionals.csproj", "{961B6E93-5E28-415E-BF86-2BF3D1B7DE90}"
EndProject
Project("{9A19103F-16F7-4668-BE54-9A1E7A4F7556}") = "MethodsTwo", "MethodsTwo\MethodsTwo.csproj", "{01EFAF2F-DC71-480E-917C-EB7A5E50F643}"
EndProject
Project("{9A19103F-16F7-4668-BE54-9A1E7A4F7556}") = "Arrays", "Arrays\Arrays.csproj", "{7D7C8F7E-9076-47FE-9CBE-ACD8717BBBC8}"
EndProject
Project("{9A19103F-16F7-4668-BE54-9A1E7A4F7556}") = "Strings", "Strings\Strings.csproj", "{64786571-CF00-4ED3-B368-CAFB26E4AC43}"
EndProject
Project("{9A19103F-16F7-4668-BE54-9A1E7A4F7556}") = "Classes", "Classes\Classes.csproj", "{2DE22973-754A-4CB0-8EA6-3E1BF1A1190C}"
EndProject
Project("{2150E333-8FDC-42A3-9474-1A3956D46DE8}") = "Interfaces", "Interfaces", "{395B8710-2CD1-4575-865A-F7F50A17DE6A}"
EndProject
Project("{9A19103F-16F7-4668-BE54-9A1E7A4F7556}") = "InterfacesTwo", "InterfacesTwo\InterfacesTwo.csproj", "{B183CD45-DD0C-4D60-9033-22B4486C0C40}"
EndProject
Project("{9A19103F-16F7-4668-BE54-9A1E7A4F7556}") = "VirtualMethods", "VirtualMethods\VirtualMethods.csproj", "{14DDD852-8BA6-41EE-BD35-305BA35C75D7}"
EndProject
Project("{9A19103F-16F7-4668-BE54-9A1E7A4F7556}") = "AbstractClasses", "AbstractClasses\AbstractClasses.csproj", "{0306DA70-FFD3-4B89-A83B-11F4B453EC44}"
EndProject
Project("{9A19103F-16F7-4668-BE54-9A1E7A4F7556}") = "RecapDemo", "RecapDemo\RecapDemo.csproj", "{EAB8CDD2-2497-42A1-9F4E-243903EA9B7B}"
EndProject
Project("{9A19103F-16F7-4668-BE54-9A1E7A4F7556}") = "AccessModifiers", "AccessModifiers\AccessModifiers.csproj", "{B382E4EF-04D0-4DEC-A01B-8D9B070B8B81}"
EndProject
Project("{9A19103F-16F7-4668-BE54-9A1E7A4F7556}") = "Constructors", "Constructors\Constructors.csproj", "{34F9F26F-3CA2-4392-82C5-B7DF5B978776}"
EndProject
Project("{9A19103F-16F7-4668-BE54-9A1E7A4F7556}") = "Exceptions", "Exceptions\Exceptions.csproj", "{5FA7DD37-116F-46B4-A13A-78D4B699A1B3}"
EndProject
Project("{FAE04EC0-301F-11D3-BF4B-00C04F79EFBC}") = "AdoNetDemo", "AdoNetDemo\AdoNetDemo.csproj", "{B03493AF-44E0-4F19-A558-0090EF061AF6}"
EndProject
Project("{FAE04EC0-301F-11D3-BF4B-00C04F79EFBC}") = "EntityFrameworkDemo", "EntityFrameworkDemo\EntityFrameworkDemo.csproj", "{65570D2E-97A8-4B2B-8D77-EF2D3FD6E820}"
EndProject
Project("{9A19103F-16F7-4668-BE54-9A1E7A4F7556}") = "Generics", "Generics\Generics.csproj", "{AAED87D7-03D6-4CFD-B8E0-DD5C0D4C88D0}"
EndProject
Project("{9A19103F-16F7-4668-BE54-9A1E7A4F7556}") = "Attributes", "Attributes\Attributes.csproj", "{8D421F88-A3A1-404F-B21A-E2D5DDCD7ABF}"
EndProject
Project("{9A19103F-16F7-4668-BE54-9A1E7A4F7556}") = "Reflection", "Reflection\Reflection.csproj", "{16AF3522-8E98-4347-8D0F-8777EC78EF1E}"
EndProject
Project("{9A19103F-16F7-4668-BE54-9A1E7A4F7556}") = "Delegates", "Delegates\Delegates.csproj", "{AF409A12-A8E4-4981-8481-5FC383E1E92E}"
EndProject
Project("{9A19103F-16F7-4668-BE54-9A1E7A4F7556}") = "Events", "Events\Events.csproj", "{F13C9AF7-184D-44D9-95F5-5AFD50AF069B}"
EndProject
Global
	GlobalSection(SolutionConfigurationPlatforms) = preSolution
		Debug|Any CPU = Debug|Any CPU
		Release|Any CPU = Release|Any CPU
	EndGlobalSection
	GlobalSection(ProjectConfigurationPlatforms) = postSolution
		{8E450379-29C4-43F8-8B9D-F669882D4541}.Debug|Any CPU.ActiveCfg = Debug|Any CPU
		{8E450379-29C4-43F8-8B9D-F669882D4541}.Debug|Any CPU.Build.0 = Debug|Any CPU
		{8E450379-29C4-43F8-8B9D-F669882D4541}.Release|Any CPU.ActiveCfg = Release|Any CPU
		{8E450379-29C4-43F8-8B9D-F669882D4541}.Release|Any CPU.Build.0 = Release|Any CPU
		{8550A451-94B4-4209-B9B2-D004DBE50018}.Debug|Any CPU.ActiveCfg = Debug|Any CPU
		{8550A451-94B4-4209-B9B2-D004DBE50018}.Debug|Any CPU.Build.0 = Debug|Any CPU
		{8550A451-94B4-4209-B9B2-D004DBE50018}.Release|Any CPU.ActiveCfg = Release|Any CPU
		{8550A451-94B4-4209-B9B2-D004DBE50018}.Release|Any CPU.Build.0 = Release|Any CPU
		{2E1D3A89-A44D-4C24-A04E-18A322AFFD76}.Debug|Any CPU.ActiveCfg = Debug|Any CPU
		{2E1D3A89-A44D-4C24-A04E-18A322AFFD76}.Debug|Any CPU.Build.0 = Debug|Any CPU
		{2E1D3A89-A44D-4C24-A04E-18A322AFFD76}.Release|Any CPU.ActiveCfg = Release|Any CPU
		{2E1D3A89-A44D-4C24-A04E-18A322AFFD76}.Release|Any CPU.Build.0 = Release|Any CPU
		{67B9C291-6ECC-4A0A-9396-B990FDEAF8FA}.Debug|Any CPU.ActiveCfg = Debug|Any CPU
		{67B9C291-6ECC-4A0A-9396-B990FDEAF8FA}.Debug|Any CPU.Build.0 = Debug|Any CPU
		{67B9C291-6ECC-4A0A-9396-B990FDEAF8FA}.Release|Any CPU.ActiveCfg = Release|Any CPU
		{67B9C291-6ECC-4A0A-9396-B990FDEAF8FA}.Release|Any CPU.Build.0 = Release|Any CPU
		{28D3A5DD-F173-489E-AF5B-82DDC6B4BED2}.Debug|Any CPU.ActiveCfg = Debug|Any CPU
		{28D3A5DD-F173-489E-AF5B-82DDC6B4BED2}.Debug|Any CPU.Build.0 = Debug|Any CPU
		{28D3A5DD-F173-489E-AF5B-82DDC6B4BED2}.Release|Any CPU.ActiveCfg = Release|Any CPU
		{28D3A5DD-F173-489E-AF5B-82DDC6B4BED2}.Release|Any CPU.Build.0 = Release|Any CPU
		{5640F2EE-ECE7-427F-9384-3238CFFF626C}.Debug|Any CPU.ActiveCfg = Debug|Any CPU
		{5640F2EE-ECE7-427F-9384-3238CFFF626C}.Debug|Any CPU.Build.0 = Debug|Any CPU
		{5640F2EE-ECE7-427F-9384-3238CFFF626C}.Release|Any CPU.ActiveCfg = Release|Any CPU
		{5640F2EE-ECE7-427F-9384-3238CFFF626C}.Release|Any CPU.Build.0 = Release|Any CPU
		{4D58B2AB-8CBD-4D14-AA15-633FBADF31C7}.Debug|Any CPU.ActiveCfg = Debug|Any CPU
		{4D58B2AB-8CBD-4D14-AA15-633FBADF31C7}.Debug|Any CPU.Build.0 = Debug|Any CPU
		{4D58B2AB-8CBD-4D14-AA15-633FBADF31C7}.Release|Any CPU.ActiveCfg = Release|Any CPU
		{4D58B2AB-8CBD-4D14-AA15-633FBADF31C7}.Release|Any CPU.Build.0 = Release|Any CPU
		{336A2E83-1974-4C1A-8400-D2E2DB17558B}.Debug|Any CPU.ActiveCfg = Debug|Any CPU
		{336A2E83-1974-4C1A-8400-D2E2DB17558B}.Debug|Any CPU.Build.0 = Debug|Any CPU
		{336A2E83-1974-4C1A-8400-D2E2DB17558B}.Release|Any CPU.ActiveCfg = Release|Any CPU
		{336A2E83-1974-4C1A-8400-D2E2DB17558B}.Release|Any CPU.Build.0 = Release|Any CPU
		{C2CF7652-C037-4D43-ACAB-49312230E366}.Debug|Any CPU.ActiveCfg = Debug|Any CPU
		{C2CF7652-C037-4D43-ACAB-49312230E366}.Debug|Any CPU.Build.0 = Debug|Any CPU
		{C2CF7652-C037-4D43-ACAB-49312230E366}.Release|Any CPU.ActiveCfg = Release|Any CPU
		{C2CF7652-C037-4D43-ACAB-49312230E366}.Release|Any CPU.Build.0 = Release|Any CPU
		{EEE8C0CC-FFD9-4BA3-BBB3-2154F7260D43}.Debug|Any CPU.ActiveCfg = Debug|Any CPU
		{EEE8C0CC-FFD9-4BA3-BBB3-2154F7260D43}.Debug|Any CPU.Build.0 = Debug|Any CPU
		{EEE8C0CC-FFD9-4BA3-BBB3-2154F7260D43}.Release|Any CPU.ActiveCfg = Release|Any CPU
		{EEE8C0CC-FFD9-4BA3-BBB3-2154F7260D43}.Release|Any CPU.Build.0 = Release|Any CPU
		{7490B011-3D6B-4E90-99DD-DCAA62B921D8}.Debug|Any CPU.ActiveCfg = Debug|Any CPU
		{7490B011-3D6B-4E90-99DD-DCAA62B921D8}.Debug|Any CPU.Build.0 = Debug|Any CPU
		{7490B011-3D6B-4E90-99DD-DCAA62B921D8}.Release|Any CPU.ActiveCfg = Release|Any CPU
		{7490B011-3D6B-4E90-99DD-DCAA62B921D8}.Release|Any CPU.Build.0 = Release|Any CPU
		{30548CD2-CE1C-40A0-B68D-C60EEDF66DF6}.Debug|Any CPU.ActiveCfg = Debug|Any CPU
		{30548CD2-CE1C-40A0-B68D-C60EEDF66DF6}.Debug|Any CPU.Build.0 = Debug|Any CPU
		{30548CD2-CE1C-40A0-B68D-C60EEDF66DF6}.Release|Any CPU.ActiveCfg = Release|Any CPU
		{30548CD2-CE1C-40A0-B68D-C60EEDF66DF6}.Release|Any CPU.Build.0 = Release|Any CPU
		{C334CEAB-32DF-43F0-BBCC-C38267FF8F59}.Debug|Any CPU.ActiveCfg = Debug|Any CPU
		{C334CEAB-32DF-43F0-BBCC-C38267FF8F59}.Debug|Any CPU.Build.0 = Debug|Any CPU
		{C334CEAB-32DF-43F0-BBCC-C38267FF8F59}.Release|Any CPU.ActiveCfg = Release|Any CPU
		{C334CEAB-32DF-43F0-BBCC-C38267FF8F59}.Release|Any CPU.Build.0 = Release|Any CPU
		{2A40FBD2-29EE-4431-882E-2D66DC9DEDE8}.Debug|Any CPU.ActiveCfg = Debug|Any CPU
		{2A40FBD2-29EE-4431-882E-2D66DC9DEDE8}.Debug|Any CPU.Build.0 = Debug|Any CPU
		{2A40FBD2-29EE-4431-882E-2D66DC9DEDE8}.Release|Any CPU.ActiveCfg = Release|Any CPU
		{2A40FBD2-29EE-4431-882E-2D66DC9DEDE8}.Release|Any CPU.Build.0 = Release|Any CPU
		{49D7C3D2-3E3A-4EB9-B467-D3E19B94D712}.Debug|Any CPU.ActiveCfg = Debug|Any CPU
		{49D7C3D2-3E3A-4EB9-B467-D3E19B94D712}.Debug|Any CPU.Build.0 = Debug|Any CPU
		{49D7C3D2-3E3A-4EB9-B467-D3E19B94D712}.Release|Any CPU.ActiveCfg = Release|Any CPU
		{49D7C3D2-3E3A-4EB9-B467-D3E19B94D712}.Release|Any CPU.Build.0 = Release|Any CPU
		{BAF09E22-12DF-4347-8BA0-B6ED9B518822}.Debug|Any CPU.ActiveCfg = Debug|Any CPU
		{BAF09E22-12DF-4347-8BA0-B6ED9B518822}.Debug|Any CPU.Build.0 = Debug|Any CPU
		{BAF09E22-12DF-4347-8BA0-B6ED9B518822}.Release|Any CPU.ActiveCfg = Release|Any CPU
		{BAF09E22-12DF-4347-8BA0-B6ED9B518822}.Release|Any CPU.Build.0 = Release|Any CPU
		{9C8C6D5D-8D79-4BE5-992B-8988A704B72B}.Debug|Any CPU.ActiveCfg = Debug|Any CPU
		{9C8C6D5D-8D79-4BE5-992B-8988A704B72B}.Debug|Any CPU.Build.0 = Debug|Any CPU
		{9C8C6D5D-8D79-4BE5-992B-8988A704B72B}.Release|Any CPU.ActiveCfg = Release|Any CPU
		{9C8C6D5D-8D79-4BE5-992B-8988A704B72B}.Release|Any CPU.Build.0 = Release|Any CPU
		{A4F247A9-84C0-422D-9639-891A331B330D}.Debug|Any CPU.ActiveCfg = Debug|Any CPU
		{A4F247A9-84C0-422D-9639-891A331B330D}.Debug|Any CPU.Build.0 = Debug|Any CPU
		{A4F247A9-84C0-422D-9639-891A331B330D}.Release|Any CPU.ActiveCfg = Release|Any CPU
		{A4F247A9-84C0-422D-9639-891A331B330D}.Release|Any CPU.Build.0 = Release|Any CPU
		{F2C43C14-5663-4604-A70A-4261B3CF8BA3}.Debug|Any CPU.ActiveCfg = Debug|Any CPU
		{F2C43C14-5663-4604-A70A-4261B3CF8BA3}.Debug|Any CPU.Build.0 = Debug|Any CPU
		{F2C43C14-5663-4604-A70A-4261B3CF8BA3}.Release|Any CPU.ActiveCfg = Release|Any CPU
		{F2C43C14-5663-4604-A70A-4261B3CF8BA3}.Release|Any CPU.Build.0 = Release|Any CPU
		{C21811A0-997F-4CA0-AD63-520B30C55524}.Debug|Any CPU.ActiveCfg = Debug|Any CPU
		{C21811A0-997F-4CA0-AD63-520B30C55524}.Debug|Any CPU.Build.0 = Debug|Any CPU
		{C21811A0-997F-4CA0-AD63-520B30C55524}.Release|Any CPU.ActiveCfg = Release|Any CPU
		{C21811A0-997F-4CA0-AD63-520B30C55524}.Release|Any CPU.Build.0 = Release|Any CPU
		{4AD2B981-0506-4943-9551-9A7E3E2EEE02}.Debug|Any CPU.ActiveCfg = Debug|Any CPU
		{4AD2B981-0506-4943-9551-9A7E3E2EEE02}.Debug|Any CPU.Build.0 = Debug|Any CPU
		{4AD2B981-0506-4943-9551-9A7E3E2EEE02}.Release|Any CPU.ActiveCfg = Release|Any CPU
		{4AD2B981-0506-4943-9551-9A7E3E2EEE02}.Release|Any CPU.Build.0 = Release|Any CPU
		{2EE20E82-775C-4764-B879-155AC9D06E69}.Debug|Any CPU.ActiveCfg = Debug|Any CPU
		{2EE20E82-775C-4764-B879-155AC9D06E69}.Debug|Any CPU.Build.0 = Debug|Any CPU
		{2EE20E82-775C-4764-B879-155AC9D06E69}.Release|Any CPU.ActiveCfg = Release|Any CPU
		{2EE20E82-775C-4764-B879-155AC9D06E69}.Release|Any CPU.Build.0 = Release|Any CPU
		{961B6E93-5E28-415E-BF86-2BF3D1B7DE90}.Debug|Any CPU.ActiveCfg = Debug|Any CPU
		{961B6E93-5E28-415E-BF86-2BF3D1B7DE90}.Debug|Any CPU.Build.0 = Debug|Any CPU
		{961B6E93-5E28-415E-BF86-2BF3D1B7DE90}.Release|Any CPU.ActiveCfg = Release|Any CPU
		{961B6E93-5E28-415E-BF86-2BF3D1B7DE90}.Release|Any CPU.Build.0 = Release|Any CPU
		{01EFAF2F-DC71-480E-917C-EB7A5E50F643}.Debug|Any CPU.ActiveCfg = Debug|Any CPU
		{01EFAF2F-DC71-480E-917C-EB7A5E50F643}.Debug|Any CPU.Build.0 = Debug|Any CPU
		{01EFAF2F-DC71-480E-917C-EB7A5E50F643}.Release|Any CPU.ActiveCfg = Release|Any CPU
		{01EFAF2F-DC71-480E-917C-EB7A5E50F643}.Release|Any CPU.Build.0 = Release|Any CPU
		{7D7C8F7E-9076-47FE-9CBE-ACD8717BBBC8}.Debug|Any CPU.ActiveCfg = Debug|Any CPU
		{7D7C8F7E-9076-47FE-9CBE-ACD8717BBBC8}.Debug|Any CPU.Build.0 = Debug|Any CPU
		{7D7C8F7E-9076-47FE-9CBE-ACD8717BBBC8}.Release|Any CPU.ActiveCfg = Release|Any CPU
		{7D7C8F7E-9076-47FE-9CBE-ACD8717BBBC8}.Release|Any CPU.Build.0 = Release|Any CPU
		{64786571-CF00-4ED3-B368-CAFB26E4AC43}.Debug|Any CPU.ActiveCfg = Debug|Any CPU
		{64786571-CF00-4ED3-B368-CAFB26E4AC43}.Debug|Any CPU.Build.0 = Debug|Any CPU
		{64786571-CF00-4ED3-B368-CAFB26E4AC43}.Release|Any CPU.ActiveCfg = Release|Any CPU
		{64786571-CF00-4ED3-B368-CAFB26E4AC43}.Release|Any CPU.Build.0 = Release|Any CPU
		{2DE22973-754A-4CB0-8EA6-3E1BF1A1190C}.Debug|Any CPU.ActiveCfg = Debug|Any CPU
		{2DE22973-754A-4CB0-8EA6-3E1BF1A1190C}.Debug|Any CPU.Build.0 = Debug|Any CPU
		{2DE22973-754A-4CB0-8EA6-3E1BF1A1190C}.Release|Any CPU.ActiveCfg = Release|Any CPU
		{2DE22973-754A-4CB0-8EA6-3E1BF1A1190C}.Release|Any CPU.Build.0 = Release|Any CPU
		{B183CD45-DD0C-4D60-9033-22B4486C0C40}.Debug|Any CPU.ActiveCfg = Debug|Any CPU
		{B183CD45-DD0C-4D60-9033-22B4486C0C40}.Debug|Any CPU.Build.0 = Debug|Any CPU
		{B183CD45-DD0C-4D60-9033-22B4486C0C40}.Release|Any CPU.ActiveCfg = Release|Any CPU
		{B183CD45-DD0C-4D60-9033-22B4486C0C40}.Release|Any CPU.Build.0 = Release|Any CPU
		{14DDD852-8BA6-41EE-BD35-305BA35C75D7}.Debug|Any CPU.ActiveCfg = Debug|Any CPU
		{14DDD852-8BA6-41EE-BD35-305BA35C75D7}.Debug|Any CPU.Build.0 = Debug|Any CPU
		{14DDD852-8BA6-41EE-BD35-305BA35C75D7}.Release|Any CPU.ActiveCfg = Release|Any CPU
		{14DDD852-8BA6-41EE-BD35-305BA35C75D7}.Release|Any CPU.Build.0 = Release|Any CPU
		{0306DA70-FFD3-4B89-A83B-11F4B453EC44}.Debug|Any CPU.ActiveCfg = Debug|Any CPU
		{0306DA70-FFD3-4B89-A83B-11F4B453EC44}.Debug|Any CPU.Build.0 = Debug|Any CPU
		{0306DA70-FFD3-4B89-A83B-11F4B453EC44}.Release|Any CPU.ActiveCfg = Release|Any CPU
		{0306DA70-FFD3-4B89-A83B-11F4B453EC44}.Release|Any CPU.Build.0 = Release|Any CPU
		{EAB8CDD2-2497-42A1-9F4E-243903EA9B7B}.Debug|Any CPU.ActiveCfg = Debug|Any CPU
		{EAB8CDD2-2497-42A1-9F4E-243903EA9B7B}.Debug|Any CPU.Build.0 = Debug|Any CPU
		{EAB8CDD2-2497-42A1-9F4E-243903EA9B7B}.Release|Any CPU.ActiveCfg = Release|Any CPU
		{EAB8CDD2-2497-42A1-9F4E-243903EA9B7B}.Release|Any CPU.Build.0 = Release|Any CPU
		{B382E4EF-04D0-4DEC-A01B-8D9B070B8B81}.Debug|Any CPU.ActiveCfg = Debug|Any CPU
		{B382E4EF-04D0-4DEC-A01B-8D9B070B8B81}.Debug|Any CPU.Build.0 = Debug|Any CPU
		{B382E4EF-04D0-4DEC-A01B-8D9B070B8B81}.Release|Any CPU.ActiveCfg = Release|Any CPU
		{B382E4EF-04D0-4DEC-A01B-8D9B070B8B81}.Release|Any CPU.Build.0 = Release|Any CPU
		{34F9F26F-3CA2-4392-82C5-B7DF5B978776}.Debug|Any CPU.ActiveCfg = Debug|Any CPU
		{34F9F26F-3CA2-4392-82C5-B7DF5B978776}.Debug|Any CPU.Build.0 = Debug|Any CPU
		{34F9F26F-3CA2-4392-82C5-B7DF5B978776}.Release|Any CPU.ActiveCfg = Release|Any CPU
		{34F9F26F-3CA2-4392-82C5-B7DF5B978776}.Release|Any CPU.Build.0 = Release|Any CPU
		{5FA7DD37-116F-46B4-A13A-78D4B699A1B3}.Debug|Any CPU.ActiveCfg = Debug|Any CPU
		{5FA7DD37-116F-46B4-A13A-78D4B699A1B3}.Debug|Any CPU.Build.0 = Debug|Any CPU
		{5FA7DD37-116F-46B4-A13A-78D4B699A1B3}.Release|Any CPU.ActiveCfg = Release|Any CPU
		{5FA7DD37-116F-46B4-A13A-78D4B699A1B3}.Release|Any CPU.Build.0 = Release|Any CPU
		{B03493AF-44E0-4F19-A558-0090EF061AF6}.Debug|Any CPU.ActiveCfg = Debug|Any CPU
		{B03493AF-44E0-4F19-A558-0090EF061AF6}.Debug|Any CPU.Build.0 = Debug|Any CPU
		{B03493AF-44E0-4F19-A558-0090EF061AF6}.Release|Any CPU.ActiveCfg = Release|Any CPU
		{B03493AF-44E0-4F19-A558-0090EF061AF6}.Release|Any CPU.Build.0 = Release|Any CPU
		{65570D2E-97A8-4B2B-8D77-EF2D3FD6E820}.Debug|Any CPU.ActiveCfg = Debug|Any CPU
		{65570D2E-97A8-4B2B-8D77-EF2D3FD6E820}.Debug|Any CPU.Build.0 = Debug|Any CPU
		{65570D2E-97A8-4B2B-8D77-EF2D3FD6E820}.Release|Any CPU.ActiveCfg = Release|Any CPU
		{65570D2E-97A8-4B2B-8D77-EF2D3FD6E820}.Release|Any CPU.Build.0 = Release|Any CPU
		{AAED87D7-03D6-4CFD-B8E0-DD5C0D4C88D0}.Debug|Any CPU.ActiveCfg = Debug|Any CPU
		{AAED87D7-03D6-4CFD-B8E0-DD5C0D4C88D0}.Debug|Any CPU.Build.0 = Debug|Any CPU
		{AAED87D7-03D6-4CFD-B8E0-DD5C0D4C88D0}.Release|Any CPU.ActiveCfg = Release|Any CPU
		{AAED87D7-03D6-4CFD-B8E0-DD5C0D4C88D0}.Release|Any CPU.Build.0 = Release|Any CPU
		{8D421F88-A3A1-404F-B21A-E2D5DDCD7ABF}.Debug|Any CPU.ActiveCfg = Debug|Any CPU
		{8D421F88-A3A1-404F-B21A-E2D5DDCD7ABF}.Debug|Any CPU.Build.0 = Debug|Any CPU
		{8D421F88-A3A1-404F-B21A-E2D5DDCD7ABF}.Release|Any CPU.ActiveCfg = Release|Any CPU
		{8D421F88-A3A1-404F-B21A-E2D5DDCD7ABF}.Release|Any CPU.Build.0 = Release|Any CPU
		{16AF3522-8E98-4347-8D0F-8777EC78EF1E}.Debug|Any CPU.ActiveCfg = Debug|Any CPU
		{16AF3522-8E98-4347-8D0F-8777EC78EF1E}.Debug|Any CPU.Build.0 = Debug|Any CPU
		{16AF3522-8E98-4347-8D0F-8777EC78EF1E}.Release|Any CPU.ActiveCfg = Release|Any CPU
		{16AF3522-8E98-4347-8D0F-8777EC78EF1E}.Release|Any CPU.Build.0 = Release|Any CPU
		{AF409A12-A8E4-4981-8481-5FC383E1E92E}.Debug|Any CPU.ActiveCfg = Debug|Any CPU
		{AF409A12-A8E4-4981-8481-5FC383E1E92E}.Debug|Any CPU.Build.0 = Debug|Any CPU
		{AF409A12-A8E4-4981-8481-5FC383E1E92E}.Release|Any CPU.ActiveCfg = Release|Any CPU
		{AF409A12-A8E4-4981-8481-5FC383E1E92E}.Release|Any CPU.Build.0 = Release|Any CPU
		{F13C9AF7-184D-44D9-95F5-5AFD50AF069B}.Debug|Any CPU.ActiveCfg = Debug|Any CPU
		{F13C9AF7-184D-44D9-95F5-5AFD50AF069B}.Debug|Any CPU.Build.0 = Debug|Any CPU
		{F13C9AF7-184D-44D9-95F5-5AFD50AF069B}.Release|Any CPU.ActiveCfg = Release|Any CPU
		{F13C9AF7-184D-44D9-95F5-5AFD50AF069B}.Release|Any CPU.Build.0 = Release|Any CPU
	EndGlobalSection
	GlobalSection(SolutionProperties) = preSolution
		HideSolutionNode = FALSE
	EndGlobalSection
	GlobalSection(NestedProjects) = preSolution
		{C2CF7652-C037-4D43-ACAB-49312230E366} = {BCE21DB7-83D9-4908-A60A-0704408BCE5F}
		{EEE8C0CC-FFD9-4BA3-BBB3-2154F7260D43} = {642E7BD3-1A58-471F-8741-18C3EDC2AD65}
		{7490B011-3D6B-4E90-99DD-DCAA62B921D8} = {642E7BD3-1A58-471F-8741-18C3EDC2AD65}
		{30548CD2-CE1C-40A0-B68D-C60EEDF66DF6} = {642E7BD3-1A58-471F-8741-18C3EDC2AD65}
		{C334CEAB-32DF-43F0-BBCC-C38267FF8F59} = {BCE21DB7-83D9-4908-A60A-0704408BCE5F}
		{2A40FBD2-29EE-4431-882E-2D66DC9DEDE8} = {BCE21DB7-83D9-4908-A60A-0704408BCE5F}
		{9C8C6D5D-8D79-4BE5-992B-8988A704B72B} = {395B8710-2CD1-4575-865A-F7F50A17DE6A}
		{F2C43C14-5663-4604-A70A-4261B3CF8BA3} = {395B8710-2CD1-4575-865A-F7F50A17DE6A}
		{C21811A0-997F-4CA0-AD63-520B30C55524} = {395B8710-2CD1-4575-865A-F7F50A17DE6A}
		{4AD2B981-0506-4943-9551-9A7E3E2EEE02} = {BCE21DB7-83D9-4908-A60A-0704408BCE5F}
		{B183CD45-DD0C-4D60-9033-22B4486C0C40} = {395B8710-2CD1-4575-865A-F7F50A17DE6A}
		{EAB8CDD2-2497-42A1-9F4E-243903EA9B7B} = {642E7BD3-1A58-471F-8741-18C3EDC2AD65}
		{B03493AF-44E0-4F19-A558-0090EF061AF6} = {642E7BD3-1A58-471F-8741-18C3EDC2AD65}
		{65570D2E-97A8-4B2B-8D77-EF2D3FD6E820} = {642E7BD3-1A58-471F-8741-18C3EDC2AD65}
	EndGlobalSection
	GlobalSection(ExtensibilityGlobals) = postSolution
		SolutionGuid = {D9FA6447-444E-4972-8630-4EF7902F9DF5}
	EndGlobalSection
EndGlobal
